<?xml version="1.0" encoding="utf-8"?>
<Project ToolsVersion="18.0" xmlns="http://schemas.microsoft.com/developer/msbuild/2003">
  <ItemGroup>
    <CustomBuild Include="C:\Users\19697\Documents\KeygenSDK\KeygenSDK\build-vs\CMakeFiles\93afc7660eab6e68683e84a0db120dfa\INSTALL_force.rule">
      <Filter>CMake Rules</Filter>
    </CustomBuild>
  </ItemGroup>
  <ItemGroup>
    <Filter Include="CMake Rules">
      <UniqueIdentifier>{B0204AC5-0005-375E-876E-74EB2F3A21D8}</UniqueIdentifier>
    </Filter>
  </ItemGroup>
</Project>
