<?xml version="1.0" encoding="utf-8"?>
<Project ToolsVersion="18.0" xmlns="http://schemas.microsoft.com/developer/msbuild/2003">
  <ItemGroup>
    <ClCompile Include="C:\Users\19697\Documents\KeygenSDK\KeygenSDK\tests\test_client.cpp">
      <Filter>Source Files</Filter>
    </ClCompile>
  </ItemGroup>
  <ItemGroup>
    <CustomBuild Include="C:\Users\19697\Documents\KeygenSDK\KeygenSDK\CMakeLists.txt" />
  </ItemGroup>
  <ItemGroup>
    <Filter Include="Source Files">
      <UniqueIdentifier>{204107E1-63D6-36E0-A3E8-39048054E39C}</UniqueIdentifier>
    </Filter>
  </ItemGroup>
</Project>
